
Microsoft Visual Studio Solution File, Format Version 12.00
# Visual Studio Version 17
VisualStudioVersion = 17.13.35919.96
MinimumVisualStudioVersion = 10.0.40219.1
Project("{FAE04EC0-301F-11D3-BF4B-00C04F79EFBC}") = "SubtitlesTranslator", "SubtitlesTranslator\SubtitlesTranslator.csproj", "{ACAFAB93-0150-437F-B0CE-0E0D406A8F92}"
EndProject
Project("{FAE04EC0-301F-11D3-BF4B-00C04F79EFBC}") = "SubtitlesTranslator.Tests", "SubtitlesTranslator.Tests\SubtitlesTranslator.Tests.csproj", "{0CAFCA9A-C247-4C72-9C01-4D9E321FB4EB}"
EndProject
Global
	GlobalSection(SolutionConfigurationPlatforms) = preSolution
		Debug|Any CPU = Debug|Any CPU
		Release|Any CPU = Release|Any CPU
	EndGlobalSection
	GlobalSection(ProjectConfigurationPlatforms) = postSolution
		{ACAFAB93-0150-437F-B0CE-0E0D406A8F92}.Debug|Any CPU.ActiveCfg = Debug|Any CPU
		{ACAFAB93-0150-437F-B0CE-0E0D406A8F92}.Debug|Any CPU.Build.0 = Debug|Any CPU
		{ACAFAB93-0150-437F-B0CE-0E0D406A8F92}.Release|Any CPU.ActiveCfg = Release|Any CPU
		{ACAFAB93-0150-437F-B0CE-0E0D406A8F92}.Release|Any CPU.Build.0 = Release|Any CPU
		{0CAFCA9A-C247-4C72-9C01-4D9E321FB4EB}.Debug|Any CPU.ActiveCfg = Debug|Any CPU
		{0CAFCA9A-C247-4C72-9C01-4D9E321FB4EB}.Debug|Any CPU.Build.0 = Debug|Any CPU
		{0CAFCA9A-C247-4C72-9C01-4D9E321FB4EB}.Release|Any CPU.ActiveCfg = Release|Any CPU
		{0CAFCA9A-C247-4C72-9C01-4D9E321FB4EB}.Release|Any CPU.Build.0 = Release|Any CPU
	EndGlobalSection
	GlobalSection(SolutionProperties) = preSolution
		HideSolutionNode = FALSE
	EndGlobalSection
	GlobalSection(ExtensibilityGlobals) = postSolution
		SolutionGuid = {9363DFC4-2C58-47AB-A6BF-DCC54AE2846F}
	EndGlobalSection
EndGlobal
